
Microsoft Visual Studio Solution File, Format Version 12.00
Project("{FAE04EC0-301F-11D3-BF4B-00C04F79EFBC}") = "Dms.Core", "src\Dms.Core\Dms.Core.csproj", "{6E8A6793-E4B0-4D2F-8237-96E485CB7C71}"
EndProject
Project("{FAE04EC0-301F-11D3-BF4B-00C04F79EFBC}") = "Dms.Tcp", "src\Dms.Tcp\Dms.Tcp.csproj", "{FEB83DC4-2DF3-423B-8AB7-04D2E09CE621}"
EndProject
Project("{FAE04EC0-301F-11D3-BF4B-00C04F79EFBC}") = "Dms.Common", "src\Dms.Common\Dms.Common.csproj", "{95067D41-9B50-4161-AFA4-D8735C8BC58E}"
EndProject
Project("{FAE04EC0-301F-11D3-BF4B-00C04F79EFBC}") = "Tcp.Tests", "tests\Tcp.Tests\Tcp.Tests.csproj", "{9F5671D7-1FC6-4B20-AA41-163942F96882}"
EndProject
Project("{FAE04EC0-301F-11D3-BF4B-00C04F79EFBC}") = "Dms.Benchmarks", "src\Dms.Benchmarks\Dms.Benchmarks.csproj", "{AD4ABC98-4BBF-41A8-B575-AC360B55322E}"
EndProject
Project("{FAE04EC0-301F-11D3-BF4B-00C04F79EFBC}") = "Dms.Storage", "src\Dms.Storage\Dms.Storage.csproj", "{D899CDC4-F151-4CAC-857F-4EFF622D5CE9}"
EndProject
Project("{2150E333-8FDC-42A3-9474-1A3956D46DE8}") = "Tests", "Tests", "{5E7E540E-ECED-429B-B2A3-784A9F8839C2}"
EndProject
Project("{FAE04EC0-301F-11D3-BF4B-00C04F79EFBC}") = "Storage.Tests", "tests\Storage.Tests\Storage.Tests.csproj", "{AB29526D-C50E-406D-A429-FED125C7523F}"
EndProject
Project("{FAE04EC0-301F-11D3-BF4B-00C04F79EFBC}") = "Common.Tests", "tests\Common.Tests\Common.Tests.csproj", "{FA2E11FA-5899-457F-9664-EA34A66FBF50}"
EndProject
Project("{FAE04EC0-301F-11D3-BF4B-00C04F79EFBC}") = "Core.Tests", "tests\Core.Tests\Core.Tests.csproj", "{65324661-577D-4F51-851A-789FE968F96B}"
EndProject
Global
	GlobalSection(SolutionConfigurationPlatforms) = preSolution
		Debug|Any CPU = Debug|Any CPU
		Release|Any CPU = Release|Any CPU
	EndGlobalSection
	GlobalSection(ProjectConfigurationPlatforms) = postSolution
		{6E8A6793-E4B0-4D2F-8237-96E485CB7C71}.Debug|Any CPU.ActiveCfg = Debug|Any CPU
		{6E8A6793-E4B0-4D2F-8237-96E485CB7C71}.Debug|Any CPU.Build.0 = Debug|Any CPU
		{6E8A6793-E4B0-4D2F-8237-96E485CB7C71}.Release|Any CPU.ActiveCfg = Release|Any CPU
		{6E8A6793-E4B0-4D2F-8237-96E485CB7C71}.Release|Any CPU.Build.0 = Release|Any CPU
		{FEB83DC4-2DF3-423B-8AB7-04D2E09CE621}.Debug|Any CPU.ActiveCfg = Debug|Any CPU
		{FEB83DC4-2DF3-423B-8AB7-04D2E09CE621}.Debug|Any CPU.Build.0 = Debug|Any CPU
		{FEB83DC4-2DF3-423B-8AB7-04D2E09CE621}.Release|Any CPU.ActiveCfg = Release|Any CPU
		{FEB83DC4-2DF3-423B-8AB7-04D2E09CE621}.Release|Any CPU.Build.0 = Release|Any CPU
		{95067D41-9B50-4161-AFA4-D8735C8BC58E}.Debug|Any CPU.ActiveCfg = Debug|Any CPU
		{95067D41-9B50-4161-AFA4-D8735C8BC58E}.Debug|Any CPU.Build.0 = Debug|Any CPU
		{95067D41-9B50-4161-AFA4-D8735C8BC58E}.Release|Any CPU.ActiveCfg = Release|Any CPU
		{95067D41-9B50-4161-AFA4-D8735C8BC58E}.Release|Any CPU.Build.0 = Release|Any CPU
		{9F5671D7-1FC6-4B20-AA41-163942F96882}.Debug|Any CPU.ActiveCfg = Debug|Any CPU
		{9F5671D7-1FC6-4B20-AA41-163942F96882}.Debug|Any CPU.Build.0 = Debug|Any CPU
		{9F5671D7-1FC6-4B20-AA41-163942F96882}.Release|Any CPU.ActiveCfg = Release|Any CPU
		{9F5671D7-1FC6-4B20-AA41-163942F96882}.Release|Any CPU.Build.0 = Release|Any CPU
		{AD4ABC98-4BBF-41A8-B575-AC360B55322E}.Debug|Any CPU.ActiveCfg = Debug|Any CPU
		{AD4ABC98-4BBF-41A8-B575-AC360B55322E}.Debug|Any CPU.Build.0 = Debug|Any CPU
		{AD4ABC98-4BBF-41A8-B575-AC360B55322E}.Release|Any CPU.ActiveCfg = Release|Any CPU
		{AD4ABC98-4BBF-41A8-B575-AC360B55322E}.Release|Any CPU.Build.0 = Release|Any CPU
		{D899CDC4-F151-4CAC-857F-4EFF622D5CE9}.Debug|Any CPU.ActiveCfg = Debug|Any CPU
		{D899CDC4-F151-4CAC-857F-4EFF622D5CE9}.Debug|Any CPU.Build.0 = Debug|Any CPU
		{D899CDC4-F151-4CAC-857F-4EFF622D5CE9}.Release|Any CPU.ActiveCfg = Release|Any CPU
		{D899CDC4-F151-4CAC-857F-4EFF622D5CE9}.Release|Any CPU.Build.0 = Release|Any CPU
		{AB29526D-C50E-406D-A429-FED125C7523F}.Debug|Any CPU.ActiveCfg = Debug|Any CPU
		{AB29526D-C50E-406D-A429-FED125C7523F}.Debug|Any CPU.Build.0 = Debug|Any CPU
		{AB29526D-C50E-406D-A429-FED125C7523F}.Release|Any CPU.ActiveCfg = Release|Any CPU
		{AB29526D-C50E-406D-A429-FED125C7523F}.Release|Any CPU.Build.0 = Release|Any CPU
		{FA2E11FA-5899-457F-9664-EA34A66FBF50}.Debug|Any CPU.ActiveCfg = Debug|Any CPU
		{FA2E11FA-5899-457F-9664-EA34A66FBF50}.Debug|Any CPU.Build.0 = Debug|Any CPU
		{FA2E11FA-5899-457F-9664-EA34A66FBF50}.Release|Any CPU.ActiveCfg = Release|Any CPU
		{FA2E11FA-5899-457F-9664-EA34A66FBF50}.Release|Any CPU.Build.0 = Release|Any CPU
		{65324661-577D-4F51-851A-789FE968F96B}.Debug|Any CPU.ActiveCfg = Debug|Any CPU
		{65324661-577D-4F51-851A-789FE968F96B}.Debug|Any CPU.Build.0 = Debug|Any CPU
		{65324661-577D-4F51-851A-789FE968F96B}.Release|Any CPU.ActiveCfg = Release|Any CPU
		{65324661-577D-4F51-851A-789FE968F96B}.Release|Any CPU.Build.0 = Release|Any CPU
	EndGlobalSection
	GlobalSection(NestedProjects) = preSolution
		{9F5671D7-1FC6-4B20-AA41-163942F96882} = {5E7E540E-ECED-429B-B2A3-784A9F8839C2}
		{AB29526D-C50E-406D-A429-FED125C7523F} = {5E7E540E-ECED-429B-B2A3-784A9F8839C2}
		{FA2E11FA-5899-457F-9664-EA34A66FBF50} = {5E7E540E-ECED-429B-B2A3-784A9F8839C2}
		{65324661-577D-4F51-851A-789FE968F96B} = {5E7E540E-ECED-429B-B2A3-784A9F8839C2}
	EndGlobalSection
EndGlobal
